
Microsoft Visual Studio Solution File, Format Version 12.00
# Visual Studio Version 17
VisualStudioVersion = 17.6.33801.468
MinimumVisualStudioVersion = 10.0.40219.1
Project("{FAE04EC0-301F-11D3-BF4B-00C04F79EFBC}") = "DeviceInfo_RecordHistory", "DeviceInfo_RecordHistory.csproj", "{87ED1FC4-62D6-440C-B6A6-27A380412237}"
EndProject
Global
	GlobalSection(SolutionConfigurationPlatforms) = preSolution
		Debug|Any CPU = Debug|Any CPU
		Release|Any CPU = Release|Any CPU
	EndGlobalSection
	GlobalSection(ProjectConfigurationPlatforms) = postSolution
		{87ED1FC4-62D6-440C-B6A6-27A380412237}.Debug|Any CPU.ActiveCfg = Debug|Any CPU
		{87ED1FC4-62D6-440C-B6A6-27A380412237}.Debug|Any CPU.Build.0 = Debug|Any CPU
		{87ED1FC4-62D6-440C-B6A6-27A380412237}.Release|Any CPU.ActiveCfg = Release|Any CPU
		{87ED1FC4-62D6-440C-B6A6-27A380412237}.Release|Any CPU.Build.0 = Release|Any CPU
	EndGlobalSection
	GlobalSection(SolutionProperties) = preSolution
		HideSolutionNode = FALSE
	EndGlobalSection
	GlobalSection(ExtensibilityGlobals) = postSolution
		SolutionGuid = {0116161B-BB3B-4C3E-888A-59E65D661DE3}
	EndGlobalSection
EndGlobal
